
Microsoft Visual Studio Solution File, Format Version 12.00
# Visual Studio 14
VisualStudioVersion = 14.0.25420.1
MinimumVisualStudioVersion = 10.0.40219.1
Project("{FAE04EC0-301F-11D3-BF4B-00C04F79EFBC}") = "AzureExperiments.Api", "AzureExperiments.Api\AzureExperiments.Api.csproj", "{BD9F8C61-9CF4-4968-A4C5-4505F8F55DCF}"
EndProject
Global
	GlobalSection(SolutionConfigurationPlatforms) = preSolution
		Debug|Any CPU = Debug|Any CPU
		Release|Any CPU = Release|Any CPU
	EndGlobalSection
	GlobalSection(ProjectConfigurationPlatforms) = postSolution
		{BD9F8C61-9CF4-4968-A4C5-4505F8F55DCF}.Debug|Any CPU.ActiveCfg = Debug|Any CPU
		{BD9F8C61-9CF4-4968-A4C5-4505F8F55DCF}.Debug|Any CPU.Build.0 = Debug|Any CPU
		{BD9F8C61-9CF4-4968-A4C5-4505F8F55DCF}.Release|Any CPU.ActiveCfg = Release|Any CPU
		{BD9F8C61-9CF4-4968-A4C5-4505F8F55DCF}.Release|Any CPU.Build.0 = Release|Any CPU
	EndGlobalSection
	GlobalSection(SolutionProperties) = preSolution
		HideSolutionNode = FALSE
	EndGlobalSection
EndGlobal
